
Microsoft Visual Studio Solution File, Format Version 12.00
# Visual Studio Version 16
VisualStudioVersion = 16.0.30011.22
MinimumVisualStudioVersion = 10.0.40219.1
Project("{9A19103F-16F7-4668-BE54-9A1E7A4F7556}") = "Employees", "Employees\Employees.csproj", "{3FDCBCDA-ECDF-4F66-91DF-04036DEFC6D5}"
EndProject
Global
	GlobalSection(SolutionConfigurationPlatforms) = preSolution
		Debug|Any CPU = Debug|Any CPU
		Release|Any CPU = Release|Any CPU
	EndGlobalSection
	GlobalSection(ProjectConfigurationPlatforms) = postSolution
		{3FDCBCDA-ECDF-4F66-91DF-04036DEFC6D5}.Debug|Any CPU.ActiveCfg = Debug|Any CPU
		{3FDCBCDA-ECDF-4F66-91DF-04036DEFC6D5}.Debug|Any CPU.Build.0 = Debug|Any CPU
		{3FDCBCDA-ECDF-4F66-91DF-04036DEFC6D5}.Release|Any CPU.ActiveCfg = Release|Any CPU
		{3FDCBCDA-ECDF-4F66-91DF-04036DEFC6D5}.Release|Any CPU.Build.0 = Release|Any CPU
	EndGlobalSection
	GlobalSection(SolutionProperties) = preSolution
		HideSolutionNode = FALSE
	EndGlobalSection
	GlobalSection(ExtensibilityGlobals) = postSolution
		SolutionGuid = {CF9935DA-040C-4706-8248-040D3FF29868}
	EndGlobalSection
EndGlobal
